<?xml version="1.0" encoding="utf-8"?>
<Project ToolsVersion="4.0" xmlns="http://schemas.microsoft.com/developer/msbuild/2003">
  <ItemGroup>
    <ClCompile Include="ObjPlayer.cpp">
      <Filter>自作</Filter>
    </ClCompile>
    <ClCompile Include="ObjTitle.cpp">
      <Filter>自作</Filter>
    </ClCompile>
    <ClCompile Include="SceneMain.cpp">
      <Filter>自作</Filter>
    </ClCompile>
    <ClCompile Include="SceneTitle.cpp">
      <Filter>自作</Filter>
    </ClCompile>
    <ClCompile Include="GameClear.cpp">
      <Filter>自作</Filter>
    </ClCompile>
    <ClCompile Include="ObjNoRoad.cpp">
      <Filter>自作</Filter>
    </ClCompile>
    <ClCompile Include="ObjRoad.cpp">
      <Filter>自作</Filter>
    </ClCompile>
    <ClCompile Include="SceneGameOver.cpp">
      <Filter>自作</Filter>
    </ClCompile>
    <ClCompile Include="GameL\Audio.cpp">
      <Filter>リソースファイル</Filter>
    </ClCompile>
    <ClCompile Include="GameL\DirectXDevice.cpp">
      <Filter>リソースファイル</Filter>
    </ClCompile>
    <ClCompile Include="GameL\Draw2DTex_Source.cpp">
      <Filter>リソースファイル</Filter>
    </ClCompile>
    <ClCompile Include="GameL\DrawFont.cpp">
      <Filter>リソースファイル</Filter>
    </ClCompile>
    <ClCompile Include="GameL\DrawTexture.cpp">
      <Filter>リソースファイル</Filter>
    </ClCompile>
    <ClCompile Include="GameL\GameL_Main.cpp">
      <Filter>リソースファイル</Filter>
    </ClCompile>
    <ClCompile Include="GameL\HitBoxManager.cpp">
      <Filter>リソースファイル</Filter>
    </ClCompile>
    <ClCompile Include="GameL\MultiThread.cpp">
      <Filter>リソースファイル</Filter>
    </ClCompile>
    <ClCompile Include="GameL\SceneManager.cpp">
      <Filter>リソースファイル</Filter>
    </ClCompile>
    <ClCompile Include="GameL\SceneObjManager.cpp">
      <Filter>リソースファイル</Filter>
    </ClCompile>
    <ClCompile Include="GameL\SetWindow.cpp">
      <Filter>リソースファイル</Filter>
    </ClCompile>
    <ClCompile Include="GameL\UserData.cpp">
      <Filter>リソースファイル</Filter>
    </ClCompile>
    <ClCompile Include="GameL\WinInputs.cpp">
      <Filter>リソースファイル</Filter>
    </ClCompile>
  </ItemGroup>
  <ItemGroup>
    <ClInclude Include="ObjPlayer.h">
      <Filter>自作</Filter>
    </ClInclude>
    <ClInclude Include="ObjTitle.h">
      <Filter>自作</Filter>
    </ClInclude>
    <ClInclude Include="SceneMain.h">
      <Filter>自作</Filter>
    </ClInclude>
    <ClInclude Include="SceneTitle.h">
      <Filter>自作</Filter>
    </ClInclude>
    <ClInclude Include="GameClear.h">
      <Filter>自作</Filter>
    </ClInclude>
    <ClInclude Include="ObjNoRoad.h">
      <Filter>自作</Filter>
    </ClInclude>
    <ClInclude Include="ObjRoad.h">
      <Filter>自作</Filter>
    </ClInclude>
    <ClInclude Include="GameHead.h">
      <Filter>自作\GameMain</Filter>
    </ClInclude>
    <ClInclude Include="main.h">
      <Filter>自作\GameMain</Filter>
    </ClInclude>
    <ClInclude Include="SceneGameOver.h">
      <Filter>自作</Filter>
    </ClInclude>
    <ClInclude Include="GameL\Audio.h">
      <Filter>リソースファイル</Filter>
    </ClInclude>
    <ClInclude Include="GameL\DirectXDevice.h">
      <Filter>リソースファイル</Filter>
    </ClInclude>
    <ClInclude Include="GameL\DrawFont.h">
      <Filter>リソースファイル</Filter>
    </ClInclude>
    <ClInclude Include="GameL\DrawTexture.h">
      <Filter>リソースファイル</Filter>
    </ClInclude>
    <ClInclude Include="GameL\HitBoxManager.h">
      <Filter>リソースファイル</Filter>
    </ClInclude>
    <ClInclude Include="GameL\MultiThread.h">
      <Filter>リソースファイル</Filter>
    </ClInclude>
    <ClInclude Include="GameL\SceneManager.h">
      <Filter>リソースファイル</Filter>
    </ClInclude>
    <ClInclude Include="GameL\SceneObjManager.h">
      <Filter>リソースファイル</Filter>
    </ClInclude>
    <ClInclude Include="GameL\SetWindow.h">
      <Filter>リソースファイル</Filter>
    </ClInclude>
    <ClInclude Include="GameL\UserData.h">
      <Filter>リソースファイル</Filter>
    </ClInclude>
    <ClInclude Include="GameL\WinInputs.h">
      <Filter>リソースファイル</Filter>
    </ClInclude>
  </ItemGroup>
  <ItemGroup>
    <Filter Include="自作">
      <UniqueIdentifier>{6d4f75ce-456a-458f-9ead-3fc43b66f8d7}</UniqueIdentifier>
    </Filter>
    <Filter Include="自作\GameMain">
      <UniqueIdentifier>{51ebdf6c-7de3-416e-8a26-6cc067ffdf89}</UniqueIdentifier>
    </Filter>
    <Filter Include="リソースファイル">
      <UniqueIdentifier>{01ac1e39-a6ee-4b87-bd7b-afdf641e46da}</UniqueIdentifier>
    </Filter>
  </ItemGroup>
</Project>