<?xml version="1.0" encoding="utf-8"?>
<Project ToolsVersion="4.0" xmlns="http://schemas.microsoft.com/developer/msbuild/2003">
  <ItemGroup>
    <ClCompile Include="GameL\Audio.cpp" />
    <ClCompile Include="GameL\DirectXDevice.cpp" />
    <ClCompile Include="GameL\Draw2DTex_Source.cpp" />
    <ClCompile Include="GameL\DrawFont.cpp" />
    <ClCompile Include="GameL\DrawTexture.cpp" />
    <ClCompile Include="GameL\GameL_Main.cpp" />
    <ClCompile Include="GameL\HitBoxManager.cpp" />
    <ClCompile Include="GameL\MultiThread.cpp" />
    <ClCompile Include="GameL\SceneManager.cpp" />
    <ClCompile Include="GameL\SceneObjManager.cpp" />
    <ClCompile Include="GameL\SetWindow.cpp" />
    <ClCompile Include="GameL\UserData.cpp" />
    <ClCompile Include="GameL\WinInputs.cpp" />
    <ClCompile Include="ObjPlayer.cpp">
      <Filter>自作</Filter>
    </ClCompile>
    <ClCompile Include="ObjTitle.cpp">
      <Filter>自作</Filter>
    </ClCompile>
    <ClCompile Include="SceneMain.cpp">
      <Filter>自作</Filter>
    </ClCompile>
    <ClCompile Include="SceneTitle.cpp">
      <Filter>自作</Filter>
    </ClCompile>
    <ClCompile Include="GameClear.cpp">
      <Filter>自作</Filter>
    </ClCompile>
    <ClCompile Include="ObjRoad.cpp">
      <Filter>自作</Filter>
    </ClCompile>
    <ClCompile Include="SceneGameOver.cpp" />
  </ItemGroup>
  <ItemGroup>
    <ClInclude Include="GameHead.h" />
    <ClInclude Include="GameL\Audio.h" />
    <ClInclude Include="GameL\DirectXDevice.h" />
    <ClInclude Include="GameL\DrawFont.h" />
    <ClInclude Include="GameL\DrawTexture.h" />
    <ClInclude Include="GameL\HitBoxManager.h" />
    <ClInclude Include="GameL\MultiThread.h" />
    <ClInclude Include="GameL\SceneManager.h" />
    <ClInclude Include="GameL\SceneObjManager.h" />
    <ClInclude Include="GameL\SetWindow.h" />
    <ClInclude Include="GameL\UserData.h" />
    <ClInclude Include="GameL\WinInputs.h" />
    <ClInclude Include="main.h" />
    <ClInclude Include="ObjPlayer.h">
      <Filter>自作</Filter>
    </ClInclude>
    <ClInclude Include="ObjTitle.h">
      <Filter>自作</Filter>
    </ClInclude>
    <ClInclude Include="SceneMain.h">
      <Filter>自作</Filter>
    </ClInclude>
    <ClInclude Include="SceneTitle.h">
      <Filter>自作</Filter>
    </ClInclude>
    <ClInclude Include="GameClear.h">
      <Filter>自作</Filter>
    </ClInclude>
    <ClInclude Include="SceneGameOver.h" />
    <ClInclude Include="ObjNoRoad.h">
      <Filter>自作</Filter>
    </ClInclude>
  </ItemGroup>
  <ItemGroup>
    <Filter Include="自作">
      <UniqueIdentifier>{6d4f75ce-456a-458f-9ead-3fc43b66f8d7}</UniqueIdentifier>
    </Filter>
  </ItemGroup>
</Project>