<?xml version="1.0" encoding="utf-8"?>
<Project ToolsVersion="4.0" xmlns="http://schemas.microsoft.com/developer/msbuild/2003">
  <ItemGroup>
    <ClCompile Include="GameL\Audio.cpp">
      <Filter>リソースファイル</Filter>
    </ClCompile>
    <ClCompile Include="GameL\DirectXDevice.cpp">
      <Filter>リソースファイル</Filter>
    </ClCompile>
    <ClCompile Include="GameL\Draw2DTex_Source.cpp">
      <Filter>リソースファイル</Filter>
    </ClCompile>
    <ClCompile Include="GameL\DrawFont.cpp">
      <Filter>リソースファイル</Filter>
    </ClCompile>
    <ClCompile Include="GameL\DrawTexture.cpp">
      <Filter>リソースファイル</Filter>
    </ClCompile>
    <ClCompile Include="GameL\GameL_Main.cpp">
      <Filter>リソースファイル</Filter>
    </ClCompile>
    <ClCompile Include="GameL\HitBoxManager.cpp">
      <Filter>リソースファイル</Filter>
    </ClCompile>
    <ClCompile Include="GameL\MultiThread.cpp">
      <Filter>リソースファイル</Filter>
    </ClCompile>
    <ClCompile Include="GameL\SceneManager.cpp">
      <Filter>リソースファイル</Filter>
    </ClCompile>
    <ClCompile Include="GameL\SceneObjManager.cpp">
      <Filter>リソースファイル</Filter>
    </ClCompile>
    <ClCompile Include="GameL\SetWindow.cpp">
      <Filter>リソースファイル</Filter>
    </ClCompile>
    <ClCompile Include="GameL\UserData.cpp">
      <Filter>リソースファイル</Filter>
    </ClCompile>
    <ClCompile Include="GameL\WinInputs.cpp">
      <Filter>リソースファイル</Filter>
    </ClCompile>
    <ClCompile Include="ObjRoad.cpp">
      <Filter>プログラム\ステージ\stage01\Stage 1 and Main</Filter>
    </ClCompile>
    <ClCompile Include="ObjStage5.cpp">
      <Filter>プログラム\ステージ\stage01\Stage5</Filter>
    </ClCompile>
    <ClCompile Include="SceneStage5.cpp">
      <Filter>プログラム\ステージ\stage01\Stage5</Filter>
    </ClCompile>
    <ClCompile Include="ObjPlayer.cpp">
      <Filter>プログラム\プレイヤー</Filter>
    </ClCompile>
    <ClCompile Include="ObjRule.cpp">
      <Filter>プログラム\ルール説明</Filter>
    </ClCompile>
    <ClCompile Include="ObjRule2.cpp">
      <Filter>プログラム\ルール説明</Filter>
    </ClCompile>
    <ClCompile Include="SceneRule.cpp">
      <Filter>プログラム\ルール説明</Filter>
    </ClCompile>
    <ClCompile Include="SceneRule2.cpp">
      <Filter>プログラム\ルール説明</Filter>
    </ClCompile>
    <ClCompile Include="ObjGameOver.cpp">
      <Filter>プログラム\ゲームオーバー</Filter>
    </ClCompile>
    <ClCompile Include="ObjClear.cpp">
      <Filter>プログラム\ゲームクリア</Filter>
    </ClCompile>
    <ClCompile Include="ObjTitle.cpp">
      <Filter>プログラム\タイトル</Filter>
    </ClCompile>
    <ClCompile Include="SceneTitle.cpp">
      <Filter>プログラム\タイトル</Filter>
    </ClCompile>
    <ClCompile Include="ObjTime.cpp">
      <Filter>プログラム\タイム</Filter>
    </ClCompile>
    <ClCompile Include="Background01.cpp">
      <Filter>プログラム\ステージ\stage01</Filter>
    </ClCompile>
    <ClCompile Include="Objstar.cpp">
      <Filter>プログラム\タイトル</Filter>
    </ClCompile>
    <ClCompile Include="hardstage1.cpp">
      <Filter>プログラム\ハードステージ\ハードステージ1</Filter>
    </ClCompile>
    <ClCompile Include="scenehardstage1.cpp">
      <Filter>プログラム\ハードステージ\ハードステージ1</Filter>
    </ClCompile>
    <ClCompile Include="ObjHardEnemy.cpp">
      <Filter>プログラム\ハードステージ\ハードステージ1</Filter>
    </ClCompile>
    <ClCompile Include="hardstage2.cpp">
      <Filter>プログラム\ハードステージ\ハードステージ２</Filter>
    </ClCompile>
    <ClCompile Include="sceneHardstage2.cpp">
      <Filter>プログラム\ハードステージ\ハードステージ２</Filter>
    </ClCompile>
    <ClCompile Include="SceneGameOver.cpp">
      <Filter>プログラム\ゲームオーバー\シーン　ゲームオーバー</Filter>
    </ClCompile>
    <ClCompile Include="SceneClear.cpp">
      <Filter>プログラム\ゲームクリア\シーン　ゲームクリア</Filter>
    </ClCompile>
    <ClCompile Include="ObjHardEnemy2.cpp">
      <Filter>プログラム\ハードステージ\ハードステージ２</Filter>
    </ClCompile>
    <ClCompile Include="ObjNoRoad0.cpp">
      <Filter>プログラム\ステージ\stage01\Stage5</Filter>
    </ClCompile>
    <ClCompile Include="ObjRoad2.cpp">
      <Filter>プログラム\ステージ\Stage2</Filter>
    </ClCompile>
    <ClCompile Include="ObjStage1item1.cpp">
      <Filter>プログラム\ステージ\stage01\Stage 1 and Main\アイテムデータ</Filter>
    </ClCompile>
    <ClCompile Include="ObjStage1item2.cpp">
      <Filter>プログラム\ステージ\stage01\Stage 1 and Main\アイテムデータ</Filter>
    </ClCompile>
    <ClCompile Include="ObjStage1item3.cpp">
      <Filter>プログラム\ステージ\stage01\Stage 1 and Main\アイテムデータ</Filter>
    </ClCompile>
    <ClCompile Include="ObjStage1LifeiTem.cpp">
      <Filter>プログラム\ステージ\stage01\Stage 1 and Main\アイテムデータ</Filter>
    </ClCompile>
    <ClCompile Include="ObjEnemy.cpp">
      <Filter>プログラム\ステージ\stage01\Stage 1 and Main\敵データ</Filter>
    </ClCompile>
    <ClCompile Include="ObjNoRoad1.cpp">
      <Filter>プログラム\ステージ\stage01\Stage 1 and Main\通行不可データ</Filter>
    </ClCompile>
    <ClCompile Include="SceneStage1.cpp">
      <Filter>プログラム\ステージ\stage01\Stage 1 and Main\シーン</Filter>
    </ClCompile>
    <ClCompile Include="SceneStage2.cpp">
      <Filter>プログラム\ステージ\Stage2\シーン</Filter>
    </ClCompile>
    <ClCompile Include="ObjEnemy2.cpp">
      <Filter>プログラム\ステージ\Stage2\敵データ</Filter>
    </ClCompile>
    <ClCompile Include="ObjNoRoad2.cpp">
      <Filter>プログラム\ステージ\Stage2\通行不可データ</Filter>
    </ClCompile>
    <ClCompile Include="ObjStage2item1.cpp">
      <Filter>プログラム\ステージ\Stage2\アイテムデータ</Filter>
    </ClCompile>
    <ClCompile Include="ObjStage2item2.cpp">
      <Filter>プログラム\ステージ\Stage2\アイテムデータ</Filter>
    </ClCompile>
    <ClCompile Include="ObjStage2item3.cpp">
      <Filter>プログラム\ステージ\Stage2\アイテムデータ</Filter>
    </ClCompile>
    <ClCompile Include="ObjStage2LifeiTem.cpp">
      <Filter>プログラム\ステージ\Stage2\アイテムデータ</Filter>
    </ClCompile>
    <ClCompile Include="ObjRoad3.cpp">
      <Filter>プログラム\ステージ\Stage3</Filter>
    </ClCompile>
    <ClCompile Include="SceneStage3.cpp">
      <Filter>プログラム\ステージ\Stage3\シーン</Filter>
    </ClCompile>
    <ClCompile Include="ObjNoRoad3.cpp">
      <Filter>プログラム\ステージ\Stage3\通行不可データ</Filter>
    </ClCompile>
    <ClCompile Include="ObjStage3item1.cpp">
      <Filter>プログラム\ステージ\Stage3\アイテム</Filter>
    </ClCompile>
    <ClCompile Include="ObjStage3item2.cpp">
      <Filter>プログラム\ステージ\Stage3\アイテム</Filter>
    </ClCompile>
    <ClCompile Include="ObjStage3item3.cpp">
      <Filter>プログラム\ステージ\Stage3\アイテム</Filter>
    </ClCompile>
    <ClCompile Include="ObjRP.cpp">
      <Filter>プログラム\ステージ</Filter>
    </ClCompile>
    <ClCompile Include="ObjRoad4.cpp">
      <Filter>プログラム\ステージ\Stage4</Filter>
    </ClCompile>
    <ClCompile Include="ObjEnemy4.cpp">
      <Filter>プログラム\ステージ\Stage4\敵データ</Filter>
    </ClCompile>
    <ClCompile Include="SceneStage4.cpp">
      <Filter>プログラム\ステージ\Stage4\シーン</Filter>
    </ClCompile>
    <ClCompile Include="ObjNoRoad4.cpp">
      <Filter>プログラム\ステージ\Stage4\通行不可データ</Filter>
    </ClCompile>
    <ClCompile Include="ObjStage4item1.cpp">
      <Filter>プログラム\ステージ\Stage4\アイテムデータ</Filter>
    </ClCompile>
    <ClCompile Include="ObjStage4item2.cpp">
      <Filter>プログラム\ステージ\Stage4\アイテムデータ</Filter>
    </ClCompile>
    <ClCompile Include="ObjStage4item3.cpp">
      <Filter>プログラム\ステージ\Stage4\アイテムデータ</Filter>
    </ClCompile>
    <ClCompile Include="ObjEnemy3.cpp">
      <Filter>プログラム\ステージ\Stage3\敵データ</Filter>
    </ClCompile>
    <ClCompile Include="ObjStage4LifeiTem.cpp">
      <Filter>プログラム\ステージ\Stage4\アイテムデータ</Filter>
    </ClCompile>
    <ClCompile Include="Background04.cpp">
      <Filter>プログラム\ステージ\Stage4</Filter>
    </ClCompile>
    <ClCompile Include="ObjStage3LifeiTem.cpp" />
    <ClCompile Include="Background03.cpp">
      <Filter>プログラム\ステージ\Stage3\シーン</Filter>
    </ClCompile>
  </ItemGroup>
  <ItemGroup>
    <ClInclude Include="GameHead.h">
      <Filter>プログラム\GameMain</Filter>
    </ClInclude>
    <ClInclude Include="main.h">
      <Filter>プログラム\GameMain</Filter>
    </ClInclude>
    <ClInclude Include="GameL\Audio.h">
      <Filter>リソースファイル</Filter>
    </ClInclude>
    <ClInclude Include="GameL\DirectXDevice.h">
      <Filter>リソースファイル</Filter>
    </ClInclude>
    <ClInclude Include="GameL\DrawFont.h">
      <Filter>リソースファイル</Filter>
    </ClInclude>
    <ClInclude Include="GameL\DrawTexture.h">
      <Filter>リソースファイル</Filter>
    </ClInclude>
    <ClInclude Include="GameL\HitBoxManager.h">
      <Filter>リソースファイル</Filter>
    </ClInclude>
    <ClInclude Include="GameL\MultiThread.h">
      <Filter>リソースファイル</Filter>
    </ClInclude>
    <ClInclude Include="GameL\SceneManager.h">
      <Filter>リソースファイル</Filter>
    </ClInclude>
    <ClInclude Include="GameL\SceneObjManager.h">
      <Filter>リソースファイル</Filter>
    </ClInclude>
    <ClInclude Include="GameL\SetWindow.h">
      <Filter>リソースファイル</Filter>
    </ClInclude>
    <ClInclude Include="GameL\UserData.h">
      <Filter>リソースファイル</Filter>
    </ClInclude>
    <ClInclude Include="GameL\WinInputs.h">
      <Filter>リソースファイル</Filter>
    </ClInclude>
    <ClInclude Include="ObjRoad.h">
      <Filter>プログラム\ステージ\stage01\Stage 1 and Main</Filter>
    </ClInclude>
    <ClInclude Include="ObjStage5.h">
      <Filter>プログラム\ステージ\stage01\Stage5</Filter>
    </ClInclude>
    <ClInclude Include="SceneStage5.h">
      <Filter>プログラム\ステージ\stage01\Stage5</Filter>
    </ClInclude>
    <ClInclude Include="ObjPlayer.h">
      <Filter>プログラム\プレイヤー</Filter>
    </ClInclude>
    <ClInclude Include="ObjRule.h">
      <Filter>プログラム\ルール説明</Filter>
    </ClInclude>
    <ClInclude Include="ObjRule2.h">
      <Filter>プログラム\ルール説明</Filter>
    </ClInclude>
    <ClInclude Include="SceneRule.h">
      <Filter>プログラム\ルール説明</Filter>
    </ClInclude>
    <ClInclude Include="SceneRule2.h">
      <Filter>プログラム\ルール説明</Filter>
    </ClInclude>
    <ClInclude Include="ObjGameOver.h">
      <Filter>プログラム\ゲームオーバー</Filter>
    </ClInclude>
    <ClInclude Include="ObjClear.h">
      <Filter>プログラム\ゲームクリア</Filter>
    </ClInclude>
    <ClInclude Include="SceneClear.h">
      <Filter>プログラム\ゲームクリア</Filter>
    </ClInclude>
    <ClInclude Include="ObjTitle.h">
      <Filter>プログラム\タイトル</Filter>
    </ClInclude>
    <ClInclude Include="SceneTitle.h">
      <Filter>プログラム\タイトル</Filter>
    </ClInclude>
    <ClInclude Include="ObjTime.h">
      <Filter>プログラム\タイム</Filter>
    </ClInclude>
    <ClInclude Include="Background01.h">
      <Filter>プログラム\ステージ\stage01</Filter>
    </ClInclude>
    <ClInclude Include="Objstar.h">
      <Filter>プログラム\タイトル</Filter>
    </ClInclude>
    <ClInclude Include="hardstage1.h">
      <Filter>プログラム\ハードステージ\ハードステージ1</Filter>
    </ClInclude>
    <ClInclude Include="scenehardstage1.h">
      <Filter>プログラム\ハードステージ\ハードステージ1</Filter>
    </ClInclude>
    <ClInclude Include="ObjHardEnemy.h">
      <Filter>プログラム\ハードステージ\ハードステージ1</Filter>
    </ClInclude>
    <ClInclude Include="hardstage2.h">
      <Filter>プログラム\ハードステージ\ハードステージ２</Filter>
    </ClInclude>
    <ClInclude Include="sceneHardstage2.h">
      <Filter>プログラム\ハードステージ\ハードステージ２</Filter>
    </ClInclude>
    <ClInclude Include="SceneGameOver.h">
      <Filter>プログラム\ゲームオーバー\シーン　ゲームオーバー</Filter>
    </ClInclude>
    <ClInclude Include="ObjHardEnemy2.h">
      <Filter>プログラム\ハードステージ\ハードステージ２</Filter>
    </ClInclude>
    <ClInclude Include="ObjRoad2.h">
      <Filter>プログラム\ステージ\Stage2</Filter>
    </ClInclude>
    <ClInclude Include="ObjStage1item1.h">
      <Filter>プログラム\ステージ\stage01\Stage 1 and Main\アイテムデータ</Filter>
    </ClInclude>
    <ClInclude Include="ObjStage1item2.h">
      <Filter>プログラム\ステージ\stage01\Stage 1 and Main\アイテムデータ</Filter>
    </ClInclude>
    <ClInclude Include="ObjStage1item3.h">
      <Filter>プログラム\ステージ\stage01\Stage 1 and Main\アイテムデータ</Filter>
    </ClInclude>
    <ClInclude Include="ObjStage1LifeiTem.h">
      <Filter>プログラム\ステージ\stage01\Stage 1 and Main\アイテムデータ</Filter>
    </ClInclude>
    <ClInclude Include="ObjEnemy.h">
      <Filter>プログラム\ステージ\stage01\Stage 1 and Main\敵データ</Filter>
    </ClInclude>
    <ClInclude Include="SceneStage1.h">
      <Filter>プログラム\ステージ\stage01\Stage 1 and Main\シーン</Filter>
    </ClInclude>
    <ClInclude Include="SceneStage2.h">
      <Filter>プログラム\ステージ\Stage2\シーン</Filter>
    </ClInclude>
    <ClInclude Include="ObjEnemy2.h">
      <Filter>プログラム\ステージ\Stage2\敵データ</Filter>
    </ClInclude>
    <ClInclude Include="ObjNoRoad2.h">
      <Filter>プログラム\ステージ\Stage2\通行不可データ</Filter>
    </ClInclude>
    <ClInclude Include="ObjStage2item1.h">
      <Filter>プログラム\ステージ\Stage2\アイテムデータ</Filter>
    </ClInclude>
    <ClInclude Include="ObjStage2item2.h">
      <Filter>プログラム\ステージ\Stage2\アイテムデータ</Filter>
    </ClInclude>
    <ClInclude Include="ObjStage2item3.h">
      <Filter>プログラム\ステージ\Stage2\アイテムデータ</Filter>
    </ClInclude>
    <ClInclude Include="ObjStage2LifeiTem.h">
      <Filter>プログラム\ステージ\Stage2\アイテムデータ</Filter>
    </ClInclude>
    <ClInclude Include="ObjRoad3.h">
      <Filter>プログラム\ステージ\Stage3</Filter>
    </ClInclude>
    <ClInclude Include="SceneStage3.h">
      <Filter>プログラム\ステージ\Stage3\シーン</Filter>
    </ClInclude>
    <ClInclude Include="ObjNoRoad3.h">
      <Filter>プログラム\ステージ\Stage3\通行不可データ</Filter>
    </ClInclude>
    <ClInclude Include="ObjNoRoad1.h">
      <Filter>プログラム\ステージ\stage01\Stage 1 and Main\通行不可データ</Filter>
    </ClInclude>
    <ClInclude Include="ObjStage3item1.h">
      <Filter>プログラム\ステージ\Stage3\アイテム</Filter>
    </ClInclude>
    <ClInclude Include="ObjStage3item2.h">
      <Filter>プログラム\ステージ\Stage3\アイテム</Filter>
    </ClInclude>
    <ClInclude Include="ObjStage3item3.h">
      <Filter>プログラム\ステージ\Stage3\アイテム</Filter>
    </ClInclude>
    <ClInclude Include="ObjRP.h">
      <Filter>プログラム\ステージ</Filter>
    </ClInclude>
    <ClInclude Include="ObjRoad4.h">
      <Filter>プログラム\ステージ\Stage4</Filter>
    </ClInclude>
    <ClInclude Include="ObjEnemy4.h">
      <Filter>プログラム\ステージ\Stage4\敵データ</Filter>
    </ClInclude>
    <ClInclude Include="SceneStage4.h">
      <Filter>プログラム\ステージ\Stage4\シーン</Filter>
    </ClInclude>
    <ClInclude Include="ObjNoRoad4.h">
      <Filter>プログラム\ステージ\Stage4\通行不可データ</Filter>
    </ClInclude>
    <ClInclude Include="ObjStage4item1.h">
      <Filter>プログラム\ステージ\Stage4\アイテムデータ</Filter>
    </ClInclude>
    <ClInclude Include="ObjStage4item2.h">
      <Filter>プログラム\ステージ\Stage4\アイテムデータ</Filter>
    </ClInclude>
    <ClInclude Include="ObjStage4item3.h">
      <Filter>プログラム\ステージ\Stage4\アイテムデータ</Filter>
    </ClInclude>
    <ClInclude Include="ObjStage4LifeiTem.h">
      <Filter>プログラム\ステージ\Stage4\アイテムデータ</Filter>
    </ClInclude>
    <ClInclude Include="ObjEnemy3.h">
      <Filter>プログラム\ステージ\Stage3\敵データ</Filter>
    </ClInclude>
    <ClInclude Include="ObjNoRoad0.h">
      <Filter>プログラム\ステージ\stage01\Stage 1 and Main</Filter>
    </ClInclude>
    <ClInclude Include="Background04.h">
      <Filter>プログラム\ステージ\Stage4</Filter>
    </ClInclude>
    <ClInclude Include="ObjStage3LifeiTem.h" />
    <ClInclude Include="Background03.h">
      <Filter>プログラム\ステージ\Stage3\シーン</Filter>
    </ClInclude>
  </ItemGroup>
  <ItemGroup>
    <Filter Include="リソースファイル">
      <UniqueIdentifier>{01ac1e39-a6ee-4b87-bd7b-afdf641e46da}</UniqueIdentifier>
    </Filter>
    <Filter Include="プログラム">
      <UniqueIdentifier>{6d4f75ce-456a-458f-9ead-3fc43b66f8d7}</UniqueIdentifier>
    </Filter>
    <Filter Include="プログラム\GameMain">
      <UniqueIdentifier>{51ebdf6c-7de3-416e-8a26-6cc067ffdf89}</UniqueIdentifier>
    </Filter>
    <Filter Include="プログラム\ステージ">
      <UniqueIdentifier>{ed332d99-a6c6-45c3-bd2b-44b9bf4d8c81}</UniqueIdentifier>
    </Filter>
    <Filter Include="プログラム\ステージ\Stage3">
      <UniqueIdentifier>{681680ab-818a-4511-bbf1-ef375981f93f}</UniqueIdentifier>
    </Filter>
    <Filter Include="プログラム\ステージ\Stage4">
      <UniqueIdentifier>{6b65cc78-82b7-431a-a573-386ff578a94e}</UniqueIdentifier>
    </Filter>
    <Filter Include="プログラム\ステージ\Stage2">
      <UniqueIdentifier>{ed494f3a-4958-4696-8b3c-41918258ff15}</UniqueIdentifier>
    </Filter>
    <Filter Include="プログラム\ステージ\stage01">
      <UniqueIdentifier>{046c9fac-211c-4619-a078-e53e6d57beb1}</UniqueIdentifier>
    </Filter>
    <Filter Include="プログラム\ステージ\stage01\Stage 1 and Main">
      <UniqueIdentifier>{670706e9-c6d4-4e34-b7ef-0b75ca484d96}</UniqueIdentifier>
    </Filter>
    <Filter Include="プログラム\ステージ\stage01\Stage5">
      <UniqueIdentifier>{89e72df9-3aae-491a-b449-231746046ea4}</UniqueIdentifier>
    </Filter>
    <Filter Include="プログラム\ルール説明">
      <UniqueIdentifier>{3fffcad7-3c32-4fd5-83af-9e2cd52ca517}</UniqueIdentifier>
    </Filter>
    <Filter Include="プログラム\ゲームオーバー">
      <UniqueIdentifier>{675f23c0-9e4e-4ee6-b49f-3ce276e15be5}</UniqueIdentifier>
    </Filter>
    <Filter Include="プログラム\ゲームオーバー\シーン　ゲームオーバー">
      <UniqueIdentifier>{17bafe89-6cdf-4ca7-8163-c786cbda0b1d}</UniqueIdentifier>
    </Filter>
    <Filter Include="プログラム\ゲームクリア">
      <UniqueIdentifier>{7af1eacb-2ec9-487c-9889-d558007c15f3}</UniqueIdentifier>
    </Filter>
    <Filter Include="プログラム\ゲームクリア\シーン　ゲームクリア">
      <UniqueIdentifier>{038e460f-69ea-4a78-9248-14397a4d0517}</UniqueIdentifier>
    </Filter>
    <Filter Include="プログラム\タイム">
      <UniqueIdentifier>{afa02b7e-9c19-4d92-abe6-e4b308f1dd10}</UniqueIdentifier>
    </Filter>
    <Filter Include="プログラム\プレイヤー">
      <UniqueIdentifier>{db74152d-ca7d-469e-8c07-acddc03292b8}</UniqueIdentifier>
    </Filter>
    <Filter Include="プログラム\タイトル">
      <UniqueIdentifier>{4e140391-de22-4406-ad97-7b8741d51b5f}</UniqueIdentifier>
    </Filter>
    <Filter Include="プログラム\ハードステージ">
      <UniqueIdentifier>{2cb0f21b-4957-4efe-b404-5c61afee8d40}</UniqueIdentifier>
    </Filter>
    <Filter Include="プログラム\ハードステージ\ハードステージ1">
      <UniqueIdentifier>{b92168c6-25e2-43d5-8aa9-a21e4d24af87}</UniqueIdentifier>
    </Filter>
    <Filter Include="プログラム\ハードステージ\ハードステージ２">
      <UniqueIdentifier>{06e12e2b-063c-413a-94cc-8f908fbda48c}</UniqueIdentifier>
    </Filter>
    <Filter Include="プログラム\ステージ\stage01\Stage 1 and Main\敵データ">
      <UniqueIdentifier>{d776d96b-1015-41c9-a185-b8963f917750}</UniqueIdentifier>
    </Filter>
    <Filter Include="プログラム\ステージ\stage01\Stage 1 and Main\アイテムデータ">
      <UniqueIdentifier>{2e75bfc8-fe7c-499c-9165-6bdbaed1a422}</UniqueIdentifier>
    </Filter>
    <Filter Include="プログラム\ステージ\stage01\Stage 1 and Main\通行不可データ">
      <UniqueIdentifier>{02a88b80-d812-4167-bcd5-0b60c83f2e2a}</UniqueIdentifier>
    </Filter>
    <Filter Include="プログラム\ステージ\stage01\Stage 1 and Main\シーン">
      <UniqueIdentifier>{7c63a1c0-37d5-4053-9003-f028cde7e058}</UniqueIdentifier>
    </Filter>
    <Filter Include="プログラム\ステージ\Stage2\シーン">
      <UniqueIdentifier>{776c5faa-76e1-4478-9243-d5422a69df30}</UniqueIdentifier>
    </Filter>
    <Filter Include="プログラム\ステージ\Stage2\通行不可データ">
      <UniqueIdentifier>{7ab4db39-6604-4293-a55b-c5f140b199fd}</UniqueIdentifier>
    </Filter>
    <Filter Include="プログラム\ステージ\Stage2\敵データ">
      <UniqueIdentifier>{8f751ec8-271d-490e-ac23-d79d2b99cf13}</UniqueIdentifier>
    </Filter>
    <Filter Include="プログラム\ステージ\Stage3\敵データ">
      <UniqueIdentifier>{3abea0d4-d409-4922-b293-35f52a6dada5}</UniqueIdentifier>
    </Filter>
    <Filter Include="プログラム\ステージ\Stage3\アイテム">
      <UniqueIdentifier>{d542de34-bc7d-43c7-b3a6-44cc19abb2e7}</UniqueIdentifier>
    </Filter>
    <Filter Include="プログラム\ステージ\Stage3\通行不可データ">
      <UniqueIdentifier>{96ce3ccd-73d5-43cc-ad45-ab3502d87a23}</UniqueIdentifier>
    </Filter>
    <Filter Include="プログラム\ステージ\Stage3\シーン">
      <UniqueIdentifier>{17c00d48-6b55-4d63-bdd1-3f73a2bf902f}</UniqueIdentifier>
    </Filter>
    <Filter Include="プログラム\ステージ\Stage4\アイテムデータ">
      <UniqueIdentifier>{5bf7d5bc-98fa-4451-9a2a-8b6779fc3951}</UniqueIdentifier>
    </Filter>
    <Filter Include="プログラム\ステージ\Stage4\シーン">
      <UniqueIdentifier>{9a299435-0aef-4453-b1a0-7545c1698873}</UniqueIdentifier>
    </Filter>
    <Filter Include="プログラム\ステージ\Stage4\通行不可データ">
      <UniqueIdentifier>{29cddac6-b13b-43f1-b4c4-8552e04bce0d}</UniqueIdentifier>
    </Filter>
    <Filter Include="プログラム\ステージ\Stage4\敵データ">
      <UniqueIdentifier>{e09e8918-0366-4c2e-9948-1d007a3309e3}</UniqueIdentifier>
    </Filter>
    <Filter Include="プログラム\ステージ\Stage2\アイテムデータ">
      <UniqueIdentifier>{3e177239-7486-4bfc-8d56-3eef78c8070a}</UniqueIdentifier>
    </Filter>
  </ItemGroup>
</Project>